#MicroXplorer Configuration settings - do not modify
#Sun May 25 22:19:23 CST 2014
File.Version=1
KeepUserPlacement=false
Mcu.Family=STM32F1
Mcu.IP0=SYS
Mcu.IP1=USART2
Mcu.IPNb=2
Mcu.Name=STM32F103V(C-D-E)Tx
Mcu.Package=LQFP100
Mcu.Pin0=PC14-OSC32_IN
Mcu.Pin1=PC15-OSC32_OUT
Mcu.Pin10=PE8
Mcu.Pin11=PE9
Mcu.Pin12=PE10
Mcu.Pin13=PE11
Mcu.Pin14=PE12
Mcu.Pin15=PE13
Mcu.Pin16=PA13
Mcu.Pin17=PA14
Mcu.Pin18=PA15
Mcu.Pin19=PD0
Mcu.Pin2=PC0
Mcu.Pin20=PD1
Mcu.Pin21=PD2
Mcu.Pin22=PD3
Mcu.Pin23=PD4
Mcu.Pin24=PD5
Mcu.Pin25=PD6
Mcu.Pin26=PD7
Mcu.Pin27=PB3
Mcu.Pin28=PB4
Mcu.Pin3=PC1
Mcu.Pin4=PC2
Mcu.Pin5=PC3
Mcu.Pin6=PA0-WKUP
Mcu.Pin7=PA1
Mcu.Pin8=PA2
Mcu.Pin9=PA3
Mcu.PinsNb=29
Mcu.UserName=STM32F103VETx
PA0-WKUP.Mode=Hardware-flow-control
PA0-WKUP.Signal=USART2_CTS
PA1.Mode=Hardware-flow-control
PA1.Signal=USART2_RTS
PA13.Mode=JTAG(5-pin)
PA13.Signal=SYS_JTMS-SWDIO
PA14.Mode=JTAG(5-pin)
PA14.Signal=SYS_JTCK-SWCLK
PA15.Mode=JTAG(5-pin)
PA15.Signal=SYS_JTDI
PA2.Mode=Hardware-flow-control
PA2.Signal=USART2_TX
PA3.Mode=Hardware-flow-control
PA3.Signal=USART2_RX
PB3.Mode=JTAG(5-pin)
PB3.Signal=SYS_JTDO-TRACESWO
PB4.Mode=JTAG(5-pin)
PB4.Signal=SYS_JTRST
PC0.GPIOParameters=GPIO_Speed
PC0.GPIO_Speed=GPIO_Speed_2MHz
PC0.Signal=GPIO_Output
PC1.GPIOParameters=GPIO_Speed
PC1.GPIO_Speed=GPIO_Speed_2MHz
PC1.Signal=GPIO_Output
PC14-OSC32_IN.Mode=LSE-External-Oscillator
PC14-OSC32_IN.Signal=SYS_OSC32_IN
PC15-OSC32_OUT.Mode=LSE-External-Oscillator
PC15-OSC32_OUT.Signal=SYS_OSC32_OUT
PC2.GPIOParameters=GPIO_Speed
PC2.GPIO_Speed=GPIO_Speed_2MHz
PC2.Signal=GPIO_Output
PC3.GPIOParameters=GPIO_Speed
PC3.GPIO_Speed=GPIO_Speed_2MHz
PC3.Signal=GPIO_Output
PD0.Signal=GPIO_Input
PD1.Signal=GPIO_Input
PD2.Signal=GPIO_Input
PD3.Signal=GPIO_Input
PD4.Signal=GPIO_Input
PD5.Signal=GPIO_Input
PD6.Signal=GPIO_Input
PD7.Signal=GPIO_Input
PE10.Signal=GPIO_Output
PE11.Signal=GPIO_Output
PE12.Signal=GPIO_Output
PE13.Signal=GPIO_Output
PE8.Signal=GPIO_Output
PE9.Signal=GPIO_Output
